
Microsoft Visual Studio Solution File, Format Version 12.00
# Visual Studio Version 16
VisualStudioVersion = 16.0.31019.35
MinimumVisualStudioVersion = 10.0.40219.1
Project("{8BC9CEB8-8B4A-11D0-8D11-00A0C91BC942}") = "AnPlug", "..\AnPlug\AnPlug\AnPlug.vcxproj", "{C912486B-92C4-4651-982E-2AB9E1C748B1}"
EndProject
Project("{8BC9CEB8-8B4A-11D0-8D11-00A0C91BC942}") = "AniuLibStatic", "..\AnPlug\AniuLibStatic\AniuLibStatic.vcxproj", "{E5CCF63B-28E5-4FC2-871A-6DE4DF6FFF13}"
EndProject
Project("{8BC9CEB8-8B4A-11D0-8D11-00A0C91BC942}") = "SG7AssistX", "..\SG7AssistX\SG7AssistX.vcxproj", "{AEBD1DC9-58A1-4467-BF66-9FF748F08CD7}"
EndProject
Project("{8BC9CEB8-8B4A-11D0-8D11-00A0C91BC942}") = "AnComHelper", "..\AnPlug\AnComHelper\AnComHelper.vcxproj", "{8FBC88BF-2241-420A-B8B2-B5CEC9651448}"
EndProject
Project("{8BC9CEB8-8B4A-11D0-8D11-00A0C91BC942}") = "QQLogin", "QQLogin\QQLogin.vcxproj", "{E3B20074-8764-4996-B9DA-AA42ECF7088D}"
EndProject
Project("{8BC9CEB8-8B4A-11D0-8D11-00A0C91BC942}") = "AnUchardet", "..\AnPlug\AnUchardet\AnUchardet.vcxproj", "{DAAFFB7E-A74D-43A3-880B-05E8FE5F13ED}"
EndProject
Project("{8BC9CEB8-8B4A-11D0-8D11-00A0C91BC942}") = "htmlcxx", "..\..\..\2345Downloads\htmlcxx-0.86\htmlcxx-0.86\htmlcxx.vcxproj", "{63D82F56-4B5F-4616-A3D7-2E6A4A752316}"
EndProject
Global
	GlobalSection(SolutionConfigurationPlatforms) = preSolution
		Debug_MDd|Any CPU = Debug_MDd|Any CPU
		Debug_MDd|Itanium = Debug_MDd|Itanium
		Debug_MDd|Mixed Platforms = Debug_MDd|Mixed Platforms
		Debug_MDd|Win32 = Debug_MDd|Win32
		Debug_MDd|x64 = Debug_MDd|x64
		Debug_MDd|x86 = Debug_MDd|x86
		Debug|Any CPU = Debug|Any CPU
		Debug|Itanium = Debug|Itanium
		Debug|Mixed Platforms = Debug|Mixed Platforms
		Debug|Win32 = Debug|Win32
		Debug|x64 = Debug|x64
		Debug|x86 = Debug|x86
		DLL-Import Debug|Any CPU = DLL-Import Debug|Any CPU
		DLL-Import Debug|Itanium = DLL-Import Debug|Itanium
		DLL-Import Debug|Mixed Platforms = DLL-Import Debug|Mixed Platforms
		DLL-Import Debug|Win32 = DLL-Import Debug|Win32
		DLL-Import Debug|x64 = DLL-Import Debug|x64
		DLL-Import Debug|x86 = DLL-Import Debug|x86
		DLL-Import Release|Any CPU = DLL-Import Release|Any CPU
		DLL-Import Release|Itanium = DLL-Import Release|Itanium
		DLL-Import Release|Mixed Platforms = DLL-Import Release|Mixed Platforms
		DLL-Import Release|Win32 = DLL-Import Release|Win32
		DLL-Import Release|x64 = DLL-Import Release|x64
		DLL-Import Release|x86 = DLL-Import Release|x86
		Release_MD|Any CPU = Release_MD|Any CPU
		Release_MD|Itanium = Release_MD|Itanium
		Release_MD|Mixed Platforms = Release_MD|Mixed Platforms
		Release_MD|Win32 = Release_MD|Win32
		Release_MD|x64 = Release_MD|x64
		Release_MD|x86 = Release_MD|x86
		Release|Any CPU = Release|Any CPU
		Release|Itanium = Release|Itanium
		Release|Mixed Platforms = Release|Mixed Platforms
		Release|Win32 = Release|Win32
		Release|x64 = Release|x64
		Release|x86 = Release|x86
		ReleaseWithoutAsm|Any CPU = ReleaseWithoutAsm|Any CPU
		ReleaseWithoutAsm|Itanium = ReleaseWithoutAsm|Itanium
		ReleaseWithoutAsm|Mixed Platforms = ReleaseWithoutAsm|Mixed Platforms
		ReleaseWithoutAsm|Win32 = ReleaseWithoutAsm|Win32
		ReleaseWithoutAsm|x64 = ReleaseWithoutAsm|x64
		ReleaseWithoutAsm|x86 = ReleaseWithoutAsm|x86
	EndGlobalSection
	GlobalSection(ProjectConfigurationPlatforms) = postSolution
		{C912486B-92C4-4651-982E-2AB9E1C748B1}.Debug_MDd|Any CPU.ActiveCfg = Release|Win32
		{C912486B-92C4-4651-982E-2AB9E1C748B1}.Debug_MDd|Any CPU.Build.0 = Release|Win32
		{C912486B-92C4-4651-982E-2AB9E1C748B1}.Debug_MDd|Itanium.ActiveCfg = Release|Win32
		{C912486B-92C4-4651-982E-2AB9E1C748B1}.Debug_MDd|Itanium.Build.0 = Release|Win32
		{C912486B-92C4-4651-982E-2AB9E1C748B1}.Debug_MDd|Mixed Platforms.ActiveCfg = Debug|Win32
		{C912486B-92C4-4651-982E-2AB9E1C748B1}.Debug_MDd|Mixed Platforms.Build.0 = Debug|Win32
		{C912486B-92C4-4651-982E-2AB9E1C748B1}.Debug_MDd|Win32.ActiveCfg = Debug|Win32
		{C912486B-92C4-4651-982E-2AB9E1C748B1}.Debug_MDd|Win32.Build.0 = Debug|Win32
		{C912486B-92C4-4651-982E-2AB9E1C748B1}.Debug_MDd|x64.ActiveCfg = Release|Win32
		{C912486B-92C4-4651-982E-2AB9E1C748B1}.Debug_MDd|x64.Build.0 = Release|Win32
		{C912486B-92C4-4651-982E-2AB9E1C748B1}.Debug_MDd|x86.ActiveCfg = Debug|Win32
		{C912486B-92C4-4651-982E-2AB9E1C748B1}.Debug_MDd|x86.Build.0 = Debug|Win32
		{C912486B-92C4-4651-982E-2AB9E1C748B1}.Debug|Any CPU.ActiveCfg = Debug|Win32
		{C912486B-92C4-4651-982E-2AB9E1C748B1}.Debug|Itanium.ActiveCfg = Debug|Win32
		{C912486B-92C4-4651-982E-2AB9E1C748B1}.Debug|Mixed Platforms.ActiveCfg = Debug|Win32
		{C912486B-92C4-4651-982E-2AB9E1C748B1}.Debug|Mixed Platforms.Build.0 = Debug|Win32
		{C912486B-92C4-4651-982E-2AB9E1C748B1}.Debug|Win32.ActiveCfg = Debug|Win32
		{C912486B-92C4-4651-982E-2AB9E1C748B1}.Debug|Win32.Build.0 = Debug|Win32
		{C912486B-92C4-4651-982E-2AB9E1C748B1}.Debug|x64.ActiveCfg = Debug|Win32
		{C912486B-92C4-4651-982E-2AB9E1C748B1}.Debug|x86.ActiveCfg = Debug|Win32
		{C912486B-92C4-4651-982E-2AB9E1C748B1}.Debug|x86.Build.0 = Debug|Win32
		{C912486B-92C4-4651-982E-2AB9E1C748B1}.DLL-Import Debug|Any CPU.ActiveCfg = Debug|Win32
		{C912486B-92C4-4651-982E-2AB9E1C748B1}.DLL-Import Debug|Any CPU.Build.0 = Debug|Win32
		{C912486B-92C4-4651-982E-2AB9E1C748B1}.DLL-Import Debug|Itanium.ActiveCfg = Debug|Win32
		{C912486B-92C4-4651-982E-2AB9E1C748B1}.DLL-Import Debug|Itanium.Build.0 = Debug|Win32
		{C912486B-92C4-4651-982E-2AB9E1C748B1}.DLL-Import Debug|Mixed Platforms.ActiveCfg = Debug|Win32
		{C912486B-92C4-4651-982E-2AB9E1C748B1}.DLL-Import Debug|Mixed Platforms.Build.0 = Debug|Win32
		{C912486B-92C4-4651-982E-2AB9E1C748B1}.DLL-Import Debug|Win32.ActiveCfg = Debug|Win32
		{C912486B-92C4-4651-982E-2AB9E1C748B1}.DLL-Import Debug|Win32.Build.0 = Debug|Win32
		{C912486B-92C4-4651-982E-2AB9E1C748B1}.DLL-Import Debug|x64.ActiveCfg = Debug|Win32
		{C912486B-92C4-4651-982E-2AB9E1C748B1}.DLL-Import Debug|x64.Build.0 = Debug|Win32
		{C912486B-92C4-4651-982E-2AB9E1C748B1}.DLL-Import Debug|x86.ActiveCfg = Debug|Win32
		{C912486B-92C4-4651-982E-2AB9E1C748B1}.DLL-Import Debug|x86.Build.0 = Debug|Win32
		{C912486B-92C4-4651-982E-2AB9E1C748B1}.DLL-Import Release|Any CPU.ActiveCfg = Debug|Win32
		{C912486B-92C4-4651-982E-2AB9E1C748B1}.DLL-Import Release|Any CPU.Build.0 = Debug|Win32
		{C912486B-92C4-4651-982E-2AB9E1C748B1}.DLL-Import Release|Itanium.ActiveCfg = Debug|Win32
		{C912486B-92C4-4651-982E-2AB9E1C748B1}.DLL-Import Release|Itanium.Build.0 = Debug|Win32
		{C912486B-92C4-4651-982E-2AB9E1C748B1}.DLL-Import Release|Mixed Platforms.ActiveCfg = Release|Win32
		{C912486B-92C4-4651-982E-2AB9E1C748B1}.DLL-Import Release|Mixed Platforms.Build.0 = Release|Win32
		{C912486B-92C4-4651-982E-2AB9E1C748B1}.DLL-Import Release|Win32.ActiveCfg = Release|Win32
		{C912486B-92C4-4651-982E-2AB9E1C748B1}.DLL-Import Release|Win32.Build.0 = Release|Win32
		{C912486B-92C4-4651-982E-2AB9E1C748B1}.DLL-Import Release|x64.ActiveCfg = Debug|Win32
		{C912486B-92C4-4651-982E-2AB9E1C748B1}.DLL-Import Release|x64.Build.0 = Debug|Win32
		{C912486B-92C4-4651-982E-2AB9E1C748B1}.DLL-Import Release|x86.ActiveCfg = Release|Win32
		{C912486B-92C4-4651-982E-2AB9E1C748B1}.DLL-Import Release|x86.Build.0 = Release|Win32
		{C912486B-92C4-4651-982E-2AB9E1C748B1}.Release_MD|Any CPU.ActiveCfg = Release|Win32
		{C912486B-92C4-4651-982E-2AB9E1C748B1}.Release_MD|Any CPU.Build.0 = Release|Win32
		{C912486B-92C4-4651-982E-2AB9E1C748B1}.Release_MD|Itanium.ActiveCfg = Release|Win32
		{C912486B-92C4-4651-982E-2AB9E1C748B1}.Release_MD|Itanium.Build.0 = Release|Win32
		{C912486B-92C4-4651-982E-2AB9E1C748B1}.Release_MD|Mixed Platforms.ActiveCfg = Release|Win32
		{C912486B-92C4-4651-982E-2AB9E1C748B1}.Release_MD|Mixed Platforms.Build.0 = Release|Win32
		{C912486B-92C4-4651-982E-2AB9E1C748B1}.Release_MD|Win32.ActiveCfg = Release|Win32
		{C912486B-92C4-4651-982E-2AB9E1C748B1}.Release_MD|Win32.Build.0 = Release|Win32
		{C912486B-92C4-4651-982E-2AB9E1C748B1}.Release_MD|x64.ActiveCfg = Release|Win32
		{C912486B-92C4-4651-982E-2AB9E1C748B1}.Release_MD|x64.Build.0 = Release|Win32
		{C912486B-92C4-4651-982E-2AB9E1C748B1}.Release_MD|x86.ActiveCfg = Release|Win32
		{C912486B-92C4-4651-982E-2AB9E1C748B1}.Release_MD|x86.Build.0 = Release|Win32
		{C912486B-92C4-4651-982E-2AB9E1C748B1}.Release|Any CPU.ActiveCfg = Release|Win32
		{C912486B-92C4-4651-982E-2AB9E1C748B1}.Release|Itanium.ActiveCfg = Release|Win32
		{C912486B-92C4-4651-982E-2AB9E1C748B1}.Release|Mixed Platforms.ActiveCfg = Release|Win32
		{C912486B-92C4-4651-982E-2AB9E1C748B1}.Release|Mixed Platforms.Build.0 = Release|Win32
		{C912486B-92C4-4651-982E-2AB9E1C748B1}.Release|Win32.ActiveCfg = Release|Win32
		{C912486B-92C4-4651-982E-2AB9E1C748B1}.Release|Win32.Build.0 = Release|Win32
		{C912486B-92C4-4651-982E-2AB9E1C748B1}.Release|x64.ActiveCfg = Release|Win32
		{C912486B-92C4-4651-982E-2AB9E1C748B1}.Release|x86.ActiveCfg = Release|Win32
		{C912486B-92C4-4651-982E-2AB9E1C748B1}.Release|x86.Build.0 = Release|Win32
		{C912486B-92C4-4651-982E-2AB9E1C748B1}.ReleaseWithoutAsm|Any CPU.ActiveCfg = Release|Win32
		{C912486B-92C4-4651-982E-2AB9E1C748B1}.ReleaseWithoutAsm|Any CPU.Build.0 = Release|Win32
		{C912486B-92C4-4651-982E-2AB9E1C748B1}.ReleaseWithoutAsm|Itanium.ActiveCfg = Release|Win32
		{C912486B-92C4-4651-982E-2AB9E1C748B1}.ReleaseWithoutAsm|Itanium.Build.0 = Release|Win32
		{C912486B-92C4-4651-982E-2AB9E1C748B1}.ReleaseWithoutAsm|Mixed Platforms.ActiveCfg = Release|Win32
		{C912486B-92C4-4651-982E-2AB9E1C748B1}.ReleaseWithoutAsm|Mixed Platforms.Build.0 = Release|Win32
		{C912486B-92C4-4651-982E-2AB9E1C748B1}.ReleaseWithoutAsm|Win32.ActiveCfg = Release|Win32
		{C912486B-92C4-4651-982E-2AB9E1C748B1}.ReleaseWithoutAsm|Win32.Build.0 = Release|Win32
		{C912486B-92C4-4651-982E-2AB9E1C748B1}.ReleaseWithoutAsm|x64.ActiveCfg = Release|Win32
		{C912486B-92C4-4651-982E-2AB9E1C748B1}.ReleaseWithoutAsm|x64.Build.0 = Release|Win32
		{C912486B-92C4-4651-982E-2AB9E1C748B1}.ReleaseWithoutAsm|x86.ActiveCfg = Release|Win32
		{C912486B-92C4-4651-982E-2AB9E1C748B1}.ReleaseWithoutAsm|x86.Build.0 = Release|Win32
		{E5CCF63B-28E5-4FC2-871A-6DE4DF6FFF13}.Debug_MDd|Any CPU.ActiveCfg = Debug_MDd|Win32
		{E5CCF63B-28E5-4FC2-871A-6DE4DF6FFF13}.Debug_MDd|Itanium.ActiveCfg = Debug_MDd|Win32
		{E5CCF63B-28E5-4FC2-871A-6DE4DF6FFF13}.Debug_MDd|Mixed Platforms.ActiveCfg = Debug_MDd|Win32
		{E5CCF63B-28E5-4FC2-871A-6DE4DF6FFF13}.Debug_MDd|Mixed Platforms.Build.0 = Debug_MDd|Win32
		{E5CCF63B-28E5-4FC2-871A-6DE4DF6FFF13}.Debug_MDd|Win32.ActiveCfg = Debug_MDd|Win32
		{E5CCF63B-28E5-4FC2-871A-6DE4DF6FFF13}.Debug_MDd|Win32.Build.0 = Debug_MDd|Win32
		{E5CCF63B-28E5-4FC2-871A-6DE4DF6FFF13}.Debug_MDd|x64.ActiveCfg = Debug_MDd|x64
		{E5CCF63B-28E5-4FC2-871A-6DE4DF6FFF13}.Debug_MDd|x64.Build.0 = Debug_MDd|x64
		{E5CCF63B-28E5-4FC2-871A-6DE4DF6FFF13}.Debug_MDd|x86.ActiveCfg = Debug_MDd|Win32
		{E5CCF63B-28E5-4FC2-871A-6DE4DF6FFF13}.Debug_MDd|x86.Build.0 = Debug_MDd|Win32
		{E5CCF63B-28E5-4FC2-871A-6DE4DF6FFF13}.Debug|Any CPU.ActiveCfg = Debug|Win32
		{E5CCF63B-28E5-4FC2-871A-6DE4DF6FFF13}.Debug|Itanium.ActiveCfg = Debug|Win32
		{E5CCF63B-28E5-4FC2-871A-6DE4DF6FFF13}.Debug|Mixed Platforms.ActiveCfg = Debug|Win32
		{E5CCF63B-28E5-4FC2-871A-6DE4DF6FFF13}.Debug|Mixed Platforms.Build.0 = Debug|Win32
		{E5CCF63B-28E5-4FC2-871A-6DE4DF6FFF13}.Debug|Win32.ActiveCfg = Debug|Win32
		{E5CCF63B-28E5-4FC2-871A-6DE4DF6FFF13}.Debug|Win32.Build.0 = Debug|Win32
		{E5CCF63B-28E5-4FC2-871A-6DE4DF6FFF13}.Debug|x64.ActiveCfg = Debug|x64
		{E5CCF63B-28E5-4FC2-871A-6DE4DF6FFF13}.Debug|x64.Build.0 = Debug|x64
		{E5CCF63B-28E5-4FC2-871A-6DE4DF6FFF13}.Debug|x86.ActiveCfg = Debug|Win32
		{E5CCF63B-28E5-4FC2-871A-6DE4DF6FFF13}.Debug|x86.Build.0 = Debug|Win32
		{E5CCF63B-28E5-4FC2-871A-6DE4DF6FFF13}.DLL-Import Debug|Any CPU.ActiveCfg = Release_MD|Win32
		{E5CCF63B-28E5-4FC2-871A-6DE4DF6FFF13}.DLL-Import Debug|Any CPU.Build.0 = Release_MD|Win32
		{E5CCF63B-28E5-4FC2-871A-6DE4DF6FFF13}.DLL-Import Debug|Itanium.ActiveCfg = Release_MD|Win32
		{E5CCF63B-28E5-4FC2-871A-6DE4DF6FFF13}.DLL-Import Debug|Itanium.Build.0 = Release_MD|Win32
		{E5CCF63B-28E5-4FC2-871A-6DE4DF6FFF13}.DLL-Import Debug|Mixed Platforms.ActiveCfg = Debug|Win32
		{E5CCF63B-28E5-4FC2-871A-6DE4DF6FFF13}.DLL-Import Debug|Mixed Platforms.Build.0 = Debug|Win32
		{E5CCF63B-28E5-4FC2-871A-6DE4DF6FFF13}.DLL-Import Debug|Win32.ActiveCfg = Debug|Win32
		{E5CCF63B-28E5-4FC2-871A-6DE4DF6FFF13}.DLL-Import Debug|Win32.Build.0 = Debug|Win32
		{E5CCF63B-28E5-4FC2-871A-6DE4DF6FFF13}.DLL-Import Debug|x64.ActiveCfg = Debug|x64
		{E5CCF63B-28E5-4FC2-871A-6DE4DF6FFF13}.DLL-Import Debug|x64.Build.0 = Debug|x64
		{E5CCF63B-28E5-4FC2-871A-6DE4DF6FFF13}.DLL-Import Debug|x86.ActiveCfg = Debug|Win32
		{E5CCF63B-28E5-4FC2-871A-6DE4DF6FFF13}.DLL-Import Debug|x86.Build.0 = Debug|Win32
		{E5CCF63B-28E5-4FC2-871A-6DE4DF6FFF13}.DLL-Import Release|Any CPU.ActiveCfg = Release_MD|Win32
		{E5CCF63B-28E5-4FC2-871A-6DE4DF6FFF13}.DLL-Import Release|Any CPU.Build.0 = Release_MD|Win32
		{E5CCF63B-28E5-4FC2-871A-6DE4DF6FFF13}.DLL-Import Release|Itanium.ActiveCfg = Release_MD|Win32
		{E5CCF63B-28E5-4FC2-871A-6DE4DF6FFF13}.DLL-Import Release|Itanium.Build.0 = Release_MD|Win32
		{E5CCF63B-28E5-4FC2-871A-6DE4DF6FFF13}.DLL-Import Release|Mixed Platforms.ActiveCfg = Release|Win32
		{E5CCF63B-28E5-4FC2-871A-6DE4DF6FFF13}.DLL-Import Release|Mixed Platforms.Build.0 = Release|Win32
		{E5CCF63B-28E5-4FC2-871A-6DE4DF6FFF13}.DLL-Import Release|Win32.ActiveCfg = Release|Win32
		{E5CCF63B-28E5-4FC2-871A-6DE4DF6FFF13}.DLL-Import Release|Win32.Build.0 = Release|Win32
		{E5CCF63B-28E5-4FC2-871A-6DE4DF6FFF13}.DLL-Import Release|x64.ActiveCfg = Release|x64
		{E5CCF63B-28E5-4FC2-871A-6DE4DF6FFF13}.DLL-Import Release|x64.Build.0 = Release|x64
		{E5CCF63B-28E5-4FC2-871A-6DE4DF6FFF13}.DLL-Import Release|x86.ActiveCfg = Release|Win32
		{E5CCF63B-28E5-4FC2-871A-6DE4DF6FFF13}.DLL-Import Release|x86.Build.0 = Release|Win32
		{E5CCF63B-28E5-4FC2-871A-6DE4DF6FFF13}.Release_MD|Any CPU.ActiveCfg = Release_MD|Win32
		{E5CCF63B-28E5-4FC2-871A-6DE4DF6FFF13}.Release_MD|Itanium.ActiveCfg = Release_MD|Win32
		{E5CCF63B-28E5-4FC2-871A-6DE4DF6FFF13}.Release_MD|Mixed Platforms.ActiveCfg = Release|Win32
		{E5CCF63B-28E5-4FC2-871A-6DE4DF6FFF13}.Release_MD|Mixed Platforms.Build.0 = Release|Win32
		{E5CCF63B-28E5-4FC2-871A-6DE4DF6FFF13}.Release_MD|Win32.ActiveCfg = Release_MD|Win32
		{E5CCF63B-28E5-4FC2-871A-6DE4DF6FFF13}.Release_MD|Win32.Build.0 = Release_MD|Win32
		{E5CCF63B-28E5-4FC2-871A-6DE4DF6FFF13}.Release_MD|x64.ActiveCfg = Release_MD|x64
		{E5CCF63B-28E5-4FC2-871A-6DE4DF6FFF13}.Release_MD|x64.Build.0 = Release_MD|x64
		{E5CCF63B-28E5-4FC2-871A-6DE4DF6FFF13}.Release_MD|x86.ActiveCfg = Release_MD|Win32
		{E5CCF63B-28E5-4FC2-871A-6DE4DF6FFF13}.Release_MD|x86.Build.0 = Release_MD|Win32
		{E5CCF63B-28E5-4FC2-871A-6DE4DF6FFF13}.Release|Any CPU.ActiveCfg = Release|Win32
		{E5CCF63B-28E5-4FC2-871A-6DE4DF6FFF13}.Release|Itanium.ActiveCfg = Release|Win32
		{E5CCF63B-28E5-4FC2-871A-6DE4DF6FFF13}.Release|Mixed Platforms.ActiveCfg = Release|Win32
		{E5CCF63B-28E5-4FC2-871A-6DE4DF6FFF13}.Release|Mixed Platforms.Build.0 = Release|Win32
		{E5CCF63B-28E5-4FC2-871A-6DE4DF6FFF13}.Release|Win32.ActiveCfg = Release|Win32
		{E5CCF63B-28E5-4FC2-871A-6DE4DF6FFF13}.Release|Win32.Build.0 = Release|Win32
		{E5CCF63B-28E5-4FC2-871A-6DE4DF6FFF13}.Release|x64.ActiveCfg = Release|x64
		{E5CCF63B-28E5-4FC2-871A-6DE4DF6FFF13}.Release|x64.Build.0 = Release|x64
		{E5CCF63B-28E5-4FC2-871A-6DE4DF6FFF13}.Release|x86.ActiveCfg = Release|Win32
		{E5CCF63B-28E5-4FC2-871A-6DE4DF6FFF13}.Release|x86.Build.0 = Release|Win32
		{E5CCF63B-28E5-4FC2-871A-6DE4DF6FFF13}.ReleaseWithoutAsm|Any CPU.ActiveCfg = Release_MD|Win32
		{E5CCF63B-28E5-4FC2-871A-6DE4DF6FFF13}.ReleaseWithoutAsm|Any CPU.Build.0 = Release_MD|Win32
		{E5CCF63B-28E5-4FC2-871A-6DE4DF6FFF13}.ReleaseWithoutAsm|Itanium.ActiveCfg = Release_MD|Win32
		{E5CCF63B-28E5-4FC2-871A-6DE4DF6FFF13}.ReleaseWithoutAsm|Itanium.Build.0 = Release_MD|Win32
		{E5CCF63B-28E5-4FC2-871A-6DE4DF6FFF13}.ReleaseWithoutAsm|Mixed Platforms.ActiveCfg = Release_MD|Win32
		{E5CCF63B-28E5-4FC2-871A-6DE4DF6FFF13}.ReleaseWithoutAsm|Mixed Platforms.Build.0 = Release_MD|Win32
		{E5CCF63B-28E5-4FC2-871A-6DE4DF6FFF13}.ReleaseWithoutAsm|Win32.ActiveCfg = Release_MD|Win32
		{E5CCF63B-28E5-4FC2-871A-6DE4DF6FFF13}.ReleaseWithoutAsm|Win32.Build.0 = Release_MD|Win32
		{E5CCF63B-28E5-4FC2-871A-6DE4DF6FFF13}.ReleaseWithoutAsm|x64.ActiveCfg = Release_MD|x64
		{E5CCF63B-28E5-4FC2-871A-6DE4DF6FFF13}.ReleaseWithoutAsm|x64.Build.0 = Release_MD|x64
		{E5CCF63B-28E5-4FC2-871A-6DE4DF6FFF13}.ReleaseWithoutAsm|x86.ActiveCfg = Release_MD|Win32
		{E5CCF63B-28E5-4FC2-871A-6DE4DF6FFF13}.ReleaseWithoutAsm|x86.Build.0 = Release_MD|Win32
		{AEBD1DC9-58A1-4467-BF66-9FF748F08CD7}.Debug_MDd|Any CPU.ActiveCfg = Release|x64
		{AEBD1DC9-58A1-4467-BF66-9FF748F08CD7}.Debug_MDd|Any CPU.Build.0 = Release|x64
		{AEBD1DC9-58A1-4467-BF66-9FF748F08CD7}.Debug_MDd|Itanium.ActiveCfg = Release|x64
		{AEBD1DC9-58A1-4467-BF66-9FF748F08CD7}.Debug_MDd|Itanium.Build.0 = Release|x64
		{AEBD1DC9-58A1-4467-BF66-9FF748F08CD7}.Debug_MDd|Mixed Platforms.ActiveCfg = Debug|Win32
		{AEBD1DC9-58A1-4467-BF66-9FF748F08CD7}.Debug_MDd|Mixed Platforms.Build.0 = Debug|Win32
		{AEBD1DC9-58A1-4467-BF66-9FF748F08CD7}.Debug_MDd|Win32.ActiveCfg = Debug|Win32
		{AEBD1DC9-58A1-4467-BF66-9FF748F08CD7}.Debug_MDd|Win32.Build.0 = Debug|Win32
		{AEBD1DC9-58A1-4467-BF66-9FF748F08CD7}.Debug_MDd|x64.ActiveCfg = Debug|x64
		{AEBD1DC9-58A1-4467-BF66-9FF748F08CD7}.Debug_MDd|x64.Build.0 = Debug|x64
		{AEBD1DC9-58A1-4467-BF66-9FF748F08CD7}.Debug_MDd|x86.ActiveCfg = Debug|Win32
		{AEBD1DC9-58A1-4467-BF66-9FF748F08CD7}.Debug_MDd|x86.Build.0 = Debug|Win32
		{AEBD1DC9-58A1-4467-BF66-9FF748F08CD7}.Debug|Any CPU.ActiveCfg = Debug|Win32
		{AEBD1DC9-58A1-4467-BF66-9FF748F08CD7}.Debug|Itanium.ActiveCfg = Debug|Win32
		{AEBD1DC9-58A1-4467-BF66-9FF748F08CD7}.Debug|Mixed Platforms.ActiveCfg = Debug|Win32
		{AEBD1DC9-58A1-4467-BF66-9FF748F08CD7}.Debug|Mixed Platforms.Build.0 = Debug|Win32
		{AEBD1DC9-58A1-4467-BF66-9FF748F08CD7}.Debug|Win32.ActiveCfg = Debug|Win32
		{AEBD1DC9-58A1-4467-BF66-9FF748F08CD7}.Debug|Win32.Build.0 = Debug|Win32
		{AEBD1DC9-58A1-4467-BF66-9FF748F08CD7}.Debug|x64.ActiveCfg = Debug|x64
		{AEBD1DC9-58A1-4467-BF66-9FF748F08CD7}.Debug|x64.Build.0 = Debug|x64
		{AEBD1DC9-58A1-4467-BF66-9FF748F08CD7}.Debug|x86.ActiveCfg = Debug|Win32
		{AEBD1DC9-58A1-4467-BF66-9FF748F08CD7}.Debug|x86.Build.0 = Debug|Win32
		{AEBD1DC9-58A1-4467-BF66-9FF748F08CD7}.DLL-Import Debug|Any CPU.ActiveCfg = Release|x64
		{AEBD1DC9-58A1-4467-BF66-9FF748F08CD7}.DLL-Import Debug|Any CPU.Build.0 = Release|x64
		{AEBD1DC9-58A1-4467-BF66-9FF748F08CD7}.DLL-Import Debug|Itanium.ActiveCfg = Release|x64
		{AEBD1DC9-58A1-4467-BF66-9FF748F08CD7}.DLL-Import Debug|Itanium.Build.0 = Release|x64
		{AEBD1DC9-58A1-4467-BF66-9FF748F08CD7}.DLL-Import Debug|Mixed Platforms.ActiveCfg = Debug|Win32
		{AEBD1DC9-58A1-4467-BF66-9FF748F08CD7}.DLL-Import Debug|Mixed Platforms.Build.0 = Debug|Win32
		{AEBD1DC9-58A1-4467-BF66-9FF748F08CD7}.DLL-Import Debug|Win32.ActiveCfg = Debug|Win32
		{AEBD1DC9-58A1-4467-BF66-9FF748F08CD7}.DLL-Import Debug|Win32.Build.0 = Debug|Win32
		{AEBD1DC9-58A1-4467-BF66-9FF748F08CD7}.DLL-Import Debug|x64.ActiveCfg = Debug|x64
		{AEBD1DC9-58A1-4467-BF66-9FF748F08CD7}.DLL-Import Debug|x64.Build.0 = Debug|x64
		{AEBD1DC9-58A1-4467-BF66-9FF748F08CD7}.DLL-Import Debug|x86.ActiveCfg = Debug|Win32
		{AEBD1DC9-58A1-4467-BF66-9FF748F08CD7}.DLL-Import Debug|x86.Build.0 = Debug|Win32
		{AEBD1DC9-58A1-4467-BF66-9FF748F08CD7}.DLL-Import Release|Any CPU.ActiveCfg = Release|x64
		{AEBD1DC9-58A1-4467-BF66-9FF748F08CD7}.DLL-Import Release|Any CPU.Build.0 = Release|x64
		{AEBD1DC9-58A1-4467-BF66-9FF748F08CD7}.DLL-Import Release|Itanium.ActiveCfg = Release|x64
		{AEBD1DC9-58A1-4467-BF66-9FF748F08CD7}.DLL-Import Release|Itanium.Build.0 = Release|x64
		{AEBD1DC9-58A1-4467-BF66-9FF748F08CD7}.DLL-Import Release|Mixed Platforms.ActiveCfg = Release|Win32
		{AEBD1DC9-58A1-4467-BF66-9FF748F08CD7}.DLL-Import Release|Mixed Platforms.Build.0 = Release|Win32
		{AEBD1DC9-58A1-4467-BF66-9FF748F08CD7}.DLL-Import Release|Win32.ActiveCfg = Release|Win32
		{AEBD1DC9-58A1-4467-BF66-9FF748F08CD7}.DLL-Import Release|Win32.Build.0 = Release|Win32
		{AEBD1DC9-58A1-4467-BF66-9FF748F08CD7}.DLL-Import Release|x64.ActiveCfg = Release|x64
		{AEBD1DC9-58A1-4467-BF66-9FF748F08CD7}.DLL-Import Release|x64.Build.0 = Release|x64
		{AEBD1DC9-58A1-4467-BF66-9FF748F08CD7}.DLL-Import Release|x86.ActiveCfg = Release|Win32
		{AEBD1DC9-58A1-4467-BF66-9FF748F08CD7}.DLL-Import Release|x86.Build.0 = Release|Win32
		{AEBD1DC9-58A1-4467-BF66-9FF748F08CD7}.Release_MD|Any CPU.ActiveCfg = Release|x64
		{AEBD1DC9-58A1-4467-BF66-9FF748F08CD7}.Release_MD|Any CPU.Build.0 = Release|x64
		{AEBD1DC9-58A1-4467-BF66-9FF748F08CD7}.Release_MD|Itanium.ActiveCfg = Release|x64
		{AEBD1DC9-58A1-4467-BF66-9FF748F08CD7}.Release_MD|Itanium.Build.0 = Release|x64
		{AEBD1DC9-58A1-4467-BF66-9FF748F08CD7}.Release_MD|Mixed Platforms.ActiveCfg = Release|Win32
		{AEBD1DC9-58A1-4467-BF66-9FF748F08CD7}.Release_MD|Mixed Platforms.Build.0 = Release|Win32
		{AEBD1DC9-58A1-4467-BF66-9FF748F08CD7}.Release_MD|Win32.ActiveCfg = Release|Win32
		{AEBD1DC9-58A1-4467-BF66-9FF748F08CD7}.Release_MD|Win32.Build.0 = Release|Win32
		{AEBD1DC9-58A1-4467-BF66-9FF748F08CD7}.Release_MD|x64.ActiveCfg = Release|x64
		{AEBD1DC9-58A1-4467-BF66-9FF748F08CD7}.Release_MD|x64.Build.0 = Release|x64
		{AEBD1DC9-58A1-4467-BF66-9FF748F08CD7}.Release_MD|x86.ActiveCfg = Release|Win32
		{AEBD1DC9-58A1-4467-BF66-9FF748F08CD7}.Release_MD|x86.Build.0 = Release|Win32
		{AEBD1DC9-58A1-4467-BF66-9FF748F08CD7}.Release|Any CPU.ActiveCfg = Release|Win32
		{AEBD1DC9-58A1-4467-BF66-9FF748F08CD7}.Release|Itanium.ActiveCfg = Release|Win32
		{AEBD1DC9-58A1-4467-BF66-9FF748F08CD7}.Release|Mixed Platforms.ActiveCfg = Release|Win32
		{AEBD1DC9-58A1-4467-BF66-9FF748F08CD7}.Release|Mixed Platforms.Build.0 = Release|Win32
		{AEBD1DC9-58A1-4467-BF66-9FF748F08CD7}.Release|Win32.ActiveCfg = Release|Win32
		{AEBD1DC9-58A1-4467-BF66-9FF748F08CD7}.Release|Win32.Build.0 = Release|Win32
		{AEBD1DC9-58A1-4467-BF66-9FF748F08CD7}.Release|x64.ActiveCfg = Release|x64
		{AEBD1DC9-58A1-4467-BF66-9FF748F08CD7}.Release|x64.Build.0 = Release|x64
		{AEBD1DC9-58A1-4467-BF66-9FF748F08CD7}.Release|x86.ActiveCfg = Release|Win32
		{AEBD1DC9-58A1-4467-BF66-9FF748F08CD7}.Release|x86.Build.0 = Release|Win32
		{AEBD1DC9-58A1-4467-BF66-9FF748F08CD7}.ReleaseWithoutAsm|Any CPU.ActiveCfg = Release|x64
		{AEBD1DC9-58A1-4467-BF66-9FF748F08CD7}.ReleaseWithoutAsm|Any CPU.Build.0 = Release|x64
		{AEBD1DC9-58A1-4467-BF66-9FF748F08CD7}.ReleaseWithoutAsm|Itanium.ActiveCfg = Release|x64
		{AEBD1DC9-58A1-4467-BF66-9FF748F08CD7}.ReleaseWithoutAsm|Itanium.Build.0 = Release|x64
		{AEBD1DC9-58A1-4467-BF66-9FF748F08CD7}.ReleaseWithoutAsm|Mixed Platforms.ActiveCfg = Release|Win32
		{AEBD1DC9-58A1-4467-BF66-9FF748F08CD7}.ReleaseWithoutAsm|Mixed Platforms.Build.0 = Release|Win32
		{AEBD1DC9-58A1-4467-BF66-9FF748F08CD7}.ReleaseWithoutAsm|Win32.ActiveCfg = Release|Win32
		{AEBD1DC9-58A1-4467-BF66-9FF748F08CD7}.ReleaseWithoutAsm|Win32.Build.0 = Release|Win32
		{AEBD1DC9-58A1-4467-BF66-9FF748F08CD7}.ReleaseWithoutAsm|x64.ActiveCfg = Release|x64
		{AEBD1DC9-58A1-4467-BF66-9FF748F08CD7}.ReleaseWithoutAsm|x64.Build.0 = Release|x64
		{AEBD1DC9-58A1-4467-BF66-9FF748F08CD7}.ReleaseWithoutAsm|x86.ActiveCfg = Release|Win32
		{AEBD1DC9-58A1-4467-BF66-9FF748F08CD7}.ReleaseWithoutAsm|x86.Build.0 = Release|Win32
		{8FBC88BF-2241-420A-B8B2-B5CEC9651448}.Debug_MDd|Any CPU.ActiveCfg = Debug|Win32
		{8FBC88BF-2241-420A-B8B2-B5CEC9651448}.Debug_MDd|Itanium.ActiveCfg = Debug|Win32
		{8FBC88BF-2241-420A-B8B2-B5CEC9651448}.Debug_MDd|Mixed Platforms.ActiveCfg = Debug|Win32
		{8FBC88BF-2241-420A-B8B2-B5CEC9651448}.Debug_MDd|Mixed Platforms.Build.0 = Debug|Win32
		{8FBC88BF-2241-420A-B8B2-B5CEC9651448}.Debug_MDd|Win32.ActiveCfg = Debug|Win32
		{8FBC88BF-2241-420A-B8B2-B5CEC9651448}.Debug_MDd|Win32.Build.0 = Debug|Win32
		{8FBC88BF-2241-420A-B8B2-B5CEC9651448}.Debug_MDd|x64.ActiveCfg = Debug|x64
		{8FBC88BF-2241-420A-B8B2-B5CEC9651448}.Debug_MDd|x64.Build.0 = Debug|x64
		{8FBC88BF-2241-420A-B8B2-B5CEC9651448}.Debug_MDd|x86.ActiveCfg = Debug|Win32
		{8FBC88BF-2241-420A-B8B2-B5CEC9651448}.Debug_MDd|x86.Build.0 = Debug|Win32
		{8FBC88BF-2241-420A-B8B2-B5CEC9651448}.Debug|Any CPU.ActiveCfg = Debug|Win32
		{8FBC88BF-2241-420A-B8B2-B5CEC9651448}.Debug|Itanium.ActiveCfg = Debug|Win32
		{8FBC88BF-2241-420A-B8B2-B5CEC9651448}.Debug|Mixed Platforms.ActiveCfg = Debug|Win32
		{8FBC88BF-2241-420A-B8B2-B5CEC9651448}.Debug|Mixed Platforms.Build.0 = Debug|Win32
		{8FBC88BF-2241-420A-B8B2-B5CEC9651448}.Debug|Win32.ActiveCfg = Debug|Win32
		{8FBC88BF-2241-420A-B8B2-B5CEC9651448}.Debug|Win32.Build.0 = Debug|Win32
		{8FBC88BF-2241-420A-B8B2-B5CEC9651448}.Debug|x64.ActiveCfg = Debug|x64
		{8FBC88BF-2241-420A-B8B2-B5CEC9651448}.Debug|x64.Build.0 = Debug|x64
		{8FBC88BF-2241-420A-B8B2-B5CEC9651448}.Debug|x86.ActiveCfg = Debug|Win32
		{8FBC88BF-2241-420A-B8B2-B5CEC9651448}.Debug|x86.Build.0 = Debug|Win32
		{8FBC88BF-2241-420A-B8B2-B5CEC9651448}.DLL-Import Debug|Any CPU.ActiveCfg = Debug|Win32
		{8FBC88BF-2241-420A-B8B2-B5CEC9651448}.DLL-Import Debug|Itanium.ActiveCfg = Debug|Win32
		{8FBC88BF-2241-420A-B8B2-B5CEC9651448}.DLL-Import Debug|Mixed Platforms.ActiveCfg = Debug|Win32
		{8FBC88BF-2241-420A-B8B2-B5CEC9651448}.DLL-Import Debug|Mixed Platforms.Build.0 = Debug|Win32
		{8FBC88BF-2241-420A-B8B2-B5CEC9651448}.DLL-Import Debug|Win32.ActiveCfg = Debug|Win32
		{8FBC88BF-2241-420A-B8B2-B5CEC9651448}.DLL-Import Debug|Win32.Build.0 = Debug|Win32
		{8FBC88BF-2241-420A-B8B2-B5CEC9651448}.DLL-Import Debug|x64.ActiveCfg = Debug|x64
		{8FBC88BF-2241-420A-B8B2-B5CEC9651448}.DLL-Import Debug|x64.Build.0 = Debug|x64
		{8FBC88BF-2241-420A-B8B2-B5CEC9651448}.DLL-Import Debug|x86.ActiveCfg = Debug|Win32
		{8FBC88BF-2241-420A-B8B2-B5CEC9651448}.DLL-Import Debug|x86.Build.0 = Debug|Win32
		{8FBC88BF-2241-420A-B8B2-B5CEC9651448}.DLL-Import Release|Any CPU.ActiveCfg = Release|Win32
		{8FBC88BF-2241-420A-B8B2-B5CEC9651448}.DLL-Import Release|Itanium.ActiveCfg = Release|Win32
		{8FBC88BF-2241-420A-B8B2-B5CEC9651448}.DLL-Import Release|Mixed Platforms.ActiveCfg = Release|Win32
		{8FBC88BF-2241-420A-B8B2-B5CEC9651448}.DLL-Import Release|Mixed Platforms.Build.0 = Release|Win32
		{8FBC88BF-2241-420A-B8B2-B5CEC9651448}.DLL-Import Release|Win32.ActiveCfg = Release|Win32
		{8FBC88BF-2241-420A-B8B2-B5CEC9651448}.DLL-Import Release|Win32.Build.0 = Release|Win32
		{8FBC88BF-2241-420A-B8B2-B5CEC9651448}.DLL-Import Release|x64.ActiveCfg = Release|x64
		{8FBC88BF-2241-420A-B8B2-B5CEC9651448}.DLL-Import Release|x64.Build.0 = Release|x64
		{8FBC88BF-2241-420A-B8B2-B5CEC9651448}.DLL-Import Release|x86.ActiveCfg = Release|Win32
		{8FBC88BF-2241-420A-B8B2-B5CEC9651448}.DLL-Import Release|x86.Build.0 = Release|Win32
		{8FBC88BF-2241-420A-B8B2-B5CEC9651448}.Release_MD|Any CPU.ActiveCfg = Release|Win32
		{8FBC88BF-2241-420A-B8B2-B5CEC9651448}.Release_MD|Itanium.ActiveCfg = Release|Win32
		{8FBC88BF-2241-420A-B8B2-B5CEC9651448}.Release_MD|Mixed Platforms.ActiveCfg = Release|Win32
		{8FBC88BF-2241-420A-B8B2-B5CEC9651448}.Release_MD|Mixed Platforms.Build.0 = Release|Win32
		{8FBC88BF-2241-420A-B8B2-B5CEC9651448}.Release_MD|Win32.ActiveCfg = Release|Win32
		{8FBC88BF-2241-420A-B8B2-B5CEC9651448}.Release_MD|Win32.Build.0 = Release|Win32
		{8FBC88BF-2241-420A-B8B2-B5CEC9651448}.Release_MD|x64.ActiveCfg = Release|x64
		{8FBC88BF-2241-420A-B8B2-B5CEC9651448}.Release_MD|x64.Build.0 = Release|x64
		{8FBC88BF-2241-420A-B8B2-B5CEC9651448}.Release_MD|x86.ActiveCfg = Release|Win32
		{8FBC88BF-2241-420A-B8B2-B5CEC9651448}.Release_MD|x86.Build.0 = Release|Win32
		{8FBC88BF-2241-420A-B8B2-B5CEC9651448}.Release|Any CPU.ActiveCfg = Release|Win32
		{8FBC88BF-2241-420A-B8B2-B5CEC9651448}.Release|Itanium.ActiveCfg = Release|Win32
		{8FBC88BF-2241-420A-B8B2-B5CEC9651448}.Release|Mixed Platforms.ActiveCfg = Release|Win32
		{8FBC88BF-2241-420A-B8B2-B5CEC9651448}.Release|Mixed Platforms.Build.0 = Release|Win32
		{8FBC88BF-2241-420A-B8B2-B5CEC9651448}.Release|Win32.ActiveCfg = Release|Win32
		{8FBC88BF-2241-420A-B8B2-B5CEC9651448}.Release|Win32.Build.0 = Release|Win32
		{8FBC88BF-2241-420A-B8B2-B5CEC9651448}.Release|x64.ActiveCfg = Release|x64
		{8FBC88BF-2241-420A-B8B2-B5CEC9651448}.Release|x64.Build.0 = Release|x64
		{8FBC88BF-2241-420A-B8B2-B5CEC9651448}.Release|x86.ActiveCfg = Release|Win32
		{8FBC88BF-2241-420A-B8B2-B5CEC9651448}.Release|x86.Build.0 = Release|Win32
		{8FBC88BF-2241-420A-B8B2-B5CEC9651448}.ReleaseWithoutAsm|Any CPU.ActiveCfg = Release|Win32
		{8FBC88BF-2241-420A-B8B2-B5CEC9651448}.ReleaseWithoutAsm|Itanium.ActiveCfg = Release|Win32
		{8FBC88BF-2241-420A-B8B2-B5CEC9651448}.ReleaseWithoutAsm|Mixed Platforms.ActiveCfg = Release|Win32
		{8FBC88BF-2241-420A-B8B2-B5CEC9651448}.ReleaseWithoutAsm|Mixed Platforms.Build.0 = Release|Win32
		{8FBC88BF-2241-420A-B8B2-B5CEC9651448}.ReleaseWithoutAsm|Win32.ActiveCfg = Release|Win32
		{8FBC88BF-2241-420A-B8B2-B5CEC9651448}.ReleaseWithoutAsm|Win32.Build.0 = Release|Win32
		{8FBC88BF-2241-420A-B8B2-B5CEC9651448}.ReleaseWithoutAsm|x64.ActiveCfg = Release|x64
		{8FBC88BF-2241-420A-B8B2-B5CEC9651448}.ReleaseWithoutAsm|x64.Build.0 = Release|x64
		{8FBC88BF-2241-420A-B8B2-B5CEC9651448}.ReleaseWithoutAsm|x86.ActiveCfg = Release|Win32
		{8FBC88BF-2241-420A-B8B2-B5CEC9651448}.ReleaseWithoutAsm|x86.Build.0 = Release|Win32
		{E3B20074-8764-4996-B9DA-AA42ECF7088D}.Debug_MDd|Any CPU.ActiveCfg = Debug|Win32
		{E3B20074-8764-4996-B9DA-AA42ECF7088D}.Debug_MDd|Itanium.ActiveCfg = Debug|Win32
		{E3B20074-8764-4996-B9DA-AA42ECF7088D}.Debug_MDd|Mixed Platforms.ActiveCfg = Debug|Win32
		{E3B20074-8764-4996-B9DA-AA42ECF7088D}.Debug_MDd|Mixed Platforms.Build.0 = Debug|Win32
		{E3B20074-8764-4996-B9DA-AA42ECF7088D}.Debug_MDd|Win32.ActiveCfg = Debug|Win32
		{E3B20074-8764-4996-B9DA-AA42ECF7088D}.Debug_MDd|Win32.Build.0 = Debug|Win32
		{E3B20074-8764-4996-B9DA-AA42ECF7088D}.Debug_MDd|x64.ActiveCfg = Debug|x64
		{E3B20074-8764-4996-B9DA-AA42ECF7088D}.Debug_MDd|x64.Build.0 = Debug|x64
		{E3B20074-8764-4996-B9DA-AA42ECF7088D}.Debug_MDd|x86.ActiveCfg = Debug|Win32
		{E3B20074-8764-4996-B9DA-AA42ECF7088D}.Debug_MDd|x86.Build.0 = Debug|Win32
		{E3B20074-8764-4996-B9DA-AA42ECF7088D}.Debug|Any CPU.ActiveCfg = Debug|Win32
		{E3B20074-8764-4996-B9DA-AA42ECF7088D}.Debug|Itanium.ActiveCfg = Debug|Win32
		{E3B20074-8764-4996-B9DA-AA42ECF7088D}.Debug|Mixed Platforms.ActiveCfg = Debug|Win32
		{E3B20074-8764-4996-B9DA-AA42ECF7088D}.Debug|Mixed Platforms.Build.0 = Debug|Win32
		{E3B20074-8764-4996-B9DA-AA42ECF7088D}.Debug|Win32.ActiveCfg = Debug|Win32
		{E3B20074-8764-4996-B9DA-AA42ECF7088D}.Debug|Win32.Build.0 = Debug|Win32
		{E3B20074-8764-4996-B9DA-AA42ECF7088D}.Debug|x64.ActiveCfg = Debug|x64
		{E3B20074-8764-4996-B9DA-AA42ECF7088D}.Debug|x64.Build.0 = Debug|x64
		{E3B20074-8764-4996-B9DA-AA42ECF7088D}.Debug|x86.ActiveCfg = Debug|Win32
		{E3B20074-8764-4996-B9DA-AA42ECF7088D}.Debug|x86.Build.0 = Debug|Win32
		{E3B20074-8764-4996-B9DA-AA42ECF7088D}.DLL-Import Debug|Any CPU.ActiveCfg = Debug|Win32
		{E3B20074-8764-4996-B9DA-AA42ECF7088D}.DLL-Import Debug|Itanium.ActiveCfg = Debug|Win32
		{E3B20074-8764-4996-B9DA-AA42ECF7088D}.DLL-Import Debug|Mixed Platforms.ActiveCfg = Debug|Win32
		{E3B20074-8764-4996-B9DA-AA42ECF7088D}.DLL-Import Debug|Mixed Platforms.Build.0 = Debug|Win32
		{E3B20074-8764-4996-B9DA-AA42ECF7088D}.DLL-Import Debug|Win32.ActiveCfg = Debug|Win32
		{E3B20074-8764-4996-B9DA-AA42ECF7088D}.DLL-Import Debug|Win32.Build.0 = Debug|Win32
		{E3B20074-8764-4996-B9DA-AA42ECF7088D}.DLL-Import Debug|x64.ActiveCfg = Debug|x64
		{E3B20074-8764-4996-B9DA-AA42ECF7088D}.DLL-Import Debug|x64.Build.0 = Debug|x64
		{E3B20074-8764-4996-B9DA-AA42ECF7088D}.DLL-Import Debug|x86.ActiveCfg = Debug|Win32
		{E3B20074-8764-4996-B9DA-AA42ECF7088D}.DLL-Import Debug|x86.Build.0 = Debug|Win32
		{E3B20074-8764-4996-B9DA-AA42ECF7088D}.DLL-Import Release|Any CPU.ActiveCfg = Release|Win32
		{E3B20074-8764-4996-B9DA-AA42ECF7088D}.DLL-Import Release|Itanium.ActiveCfg = Release|Win32
		{E3B20074-8764-4996-B9DA-AA42ECF7088D}.DLL-Import Release|Mixed Platforms.ActiveCfg = Release|Win32
		{E3B20074-8764-4996-B9DA-AA42ECF7088D}.DLL-Import Release|Mixed Platforms.Build.0 = Release|Win32
		{E3B20074-8764-4996-B9DA-AA42ECF7088D}.DLL-Import Release|Win32.ActiveCfg = Release|Win32
		{E3B20074-8764-4996-B9DA-AA42ECF7088D}.DLL-Import Release|Win32.Build.0 = Release|Win32
		{E3B20074-8764-4996-B9DA-AA42ECF7088D}.DLL-Import Release|x64.ActiveCfg = Release|x64
		{E3B20074-8764-4996-B9DA-AA42ECF7088D}.DLL-Import Release|x64.Build.0 = Release|x64
		{E3B20074-8764-4996-B9DA-AA42ECF7088D}.DLL-Import Release|x86.ActiveCfg = Release|Win32
		{E3B20074-8764-4996-B9DA-AA42ECF7088D}.DLL-Import Release|x86.Build.0 = Release|Win32
		{E3B20074-8764-4996-B9DA-AA42ECF7088D}.Release_MD|Any CPU.ActiveCfg = Release|Win32
		{E3B20074-8764-4996-B9DA-AA42ECF7088D}.Release_MD|Itanium.ActiveCfg = Release|Win32
		{E3B20074-8764-4996-B9DA-AA42ECF7088D}.Release_MD|Mixed Platforms.ActiveCfg = Release|Win32
		{E3B20074-8764-4996-B9DA-AA42ECF7088D}.Release_MD|Mixed Platforms.Build.0 = Release|Win32
		{E3B20074-8764-4996-B9DA-AA42ECF7088D}.Release_MD|Win32.ActiveCfg = Release|Win32
		{E3B20074-8764-4996-B9DA-AA42ECF7088D}.Release_MD|Win32.Build.0 = Release|Win32
		{E3B20074-8764-4996-B9DA-AA42ECF7088D}.Release_MD|x64.ActiveCfg = Release|x64
		{E3B20074-8764-4996-B9DA-AA42ECF7088D}.Release_MD|x64.Build.0 = Release|x64
		{E3B20074-8764-4996-B9DA-AA42ECF7088D}.Release_MD|x86.ActiveCfg = Release|Win32
		{E3B20074-8764-4996-B9DA-AA42ECF7088D}.Release_MD|x86.Build.0 = Release|Win32
		{E3B20074-8764-4996-B9DA-AA42ECF7088D}.Release|Any CPU.ActiveCfg = Release|Win32
		{E3B20074-8764-4996-B9DA-AA42ECF7088D}.Release|Itanium.ActiveCfg = Release|Win32
		{E3B20074-8764-4996-B9DA-AA42ECF7088D}.Release|Mixed Platforms.ActiveCfg = Release|Win32
		{E3B20074-8764-4996-B9DA-AA42ECF7088D}.Release|Mixed Platforms.Build.0 = Release|Win32
		{E3B20074-8764-4996-B9DA-AA42ECF7088D}.Release|Win32.ActiveCfg = Release|Win32
		{E3B20074-8764-4996-B9DA-AA42ECF7088D}.Release|Win32.Build.0 = Release|Win32
		{E3B20074-8764-4996-B9DA-AA42ECF7088D}.Release|x64.ActiveCfg = Release|x64
		{E3B20074-8764-4996-B9DA-AA42ECF7088D}.Release|x64.Build.0 = Release|x64
		{E3B20074-8764-4996-B9DA-AA42ECF7088D}.Release|x86.ActiveCfg = Release|Win32
		{E3B20074-8764-4996-B9DA-AA42ECF7088D}.Release|x86.Build.0 = Release|Win32
		{E3B20074-8764-4996-B9DA-AA42ECF7088D}.ReleaseWithoutAsm|Any CPU.ActiveCfg = Release|Win32
		{E3B20074-8764-4996-B9DA-AA42ECF7088D}.ReleaseWithoutAsm|Itanium.ActiveCfg = Release|Win32
		{E3B20074-8764-4996-B9DA-AA42ECF7088D}.ReleaseWithoutAsm|Mixed Platforms.ActiveCfg = Release|Win32
		{E3B20074-8764-4996-B9DA-AA42ECF7088D}.ReleaseWithoutAsm|Mixed Platforms.Build.0 = Release|Win32
		{E3B20074-8764-4996-B9DA-AA42ECF7088D}.ReleaseWithoutAsm|Win32.ActiveCfg = Release|Win32
		{E3B20074-8764-4996-B9DA-AA42ECF7088D}.ReleaseWithoutAsm|Win32.Build.0 = Release|Win32
		{E3B20074-8764-4996-B9DA-AA42ECF7088D}.ReleaseWithoutAsm|x64.ActiveCfg = Release|x64
		{E3B20074-8764-4996-B9DA-AA42ECF7088D}.ReleaseWithoutAsm|x64.Build.0 = Release|x64
		{E3B20074-8764-4996-B9DA-AA42ECF7088D}.ReleaseWithoutAsm|x86.ActiveCfg = Release|Win32
		{E3B20074-8764-4996-B9DA-AA42ECF7088D}.ReleaseWithoutAsm|x86.Build.0 = Release|Win32
		{DAAFFB7E-A74D-43A3-880B-05E8FE5F13ED}.Debug_MDd|Any CPU.ActiveCfg = Debug|Win32
		{DAAFFB7E-A74D-43A3-880B-05E8FE5F13ED}.Debug_MDd|Itanium.ActiveCfg = Debug|Win32
		{DAAFFB7E-A74D-43A3-880B-05E8FE5F13ED}.Debug_MDd|Mixed Platforms.ActiveCfg = Debug|Win32
		{DAAFFB7E-A74D-43A3-880B-05E8FE5F13ED}.Debug_MDd|Mixed Platforms.Build.0 = Debug|Win32
		{DAAFFB7E-A74D-43A3-880B-05E8FE5F13ED}.Debug_MDd|Win32.ActiveCfg = Debug|Win32
		{DAAFFB7E-A74D-43A3-880B-05E8FE5F13ED}.Debug_MDd|Win32.Build.0 = Debug|Win32
		{DAAFFB7E-A74D-43A3-880B-05E8FE5F13ED}.Debug_MDd|x64.ActiveCfg = Debug|x64
		{DAAFFB7E-A74D-43A3-880B-05E8FE5F13ED}.Debug_MDd|x64.Build.0 = Debug|x64
		{DAAFFB7E-A74D-43A3-880B-05E8FE5F13ED}.Debug_MDd|x86.ActiveCfg = Debug|Win32
		{DAAFFB7E-A74D-43A3-880B-05E8FE5F13ED}.Debug_MDd|x86.Build.0 = Debug|Win32
		{DAAFFB7E-A74D-43A3-880B-05E8FE5F13ED}.Debug|Any CPU.ActiveCfg = Debug|Win32
		{DAAFFB7E-A74D-43A3-880B-05E8FE5F13ED}.Debug|Itanium.ActiveCfg = Debug|Win32
		{DAAFFB7E-A74D-43A3-880B-05E8FE5F13ED}.Debug|Mixed Platforms.ActiveCfg = Debug|Win32
		{DAAFFB7E-A74D-43A3-880B-05E8FE5F13ED}.Debug|Mixed Platforms.Build.0 = Debug|Win32
		{DAAFFB7E-A74D-43A3-880B-05E8FE5F13ED}.Debug|Win32.ActiveCfg = Debug|Win32
		{DAAFFB7E-A74D-43A3-880B-05E8FE5F13ED}.Debug|Win32.Build.0 = Debug|Win32
		{DAAFFB7E-A74D-43A3-880B-05E8FE5F13ED}.Debug|x64.ActiveCfg = Debug|x64
		{DAAFFB7E-A74D-43A3-880B-05E8FE5F13ED}.Debug|x64.Build.0 = Debug|x64
		{DAAFFB7E-A74D-43A3-880B-05E8FE5F13ED}.Debug|x86.ActiveCfg = Debug|Win32
		{DAAFFB7E-A74D-43A3-880B-05E8FE5F13ED}.Debug|x86.Build.0 = Debug|Win32
		{DAAFFB7E-A74D-43A3-880B-05E8FE5F13ED}.DLL-Import Debug|Any CPU.ActiveCfg = Debug|Win32
		{DAAFFB7E-A74D-43A3-880B-05E8FE5F13ED}.DLL-Import Debug|Itanium.ActiveCfg = Debug|Win32
		{DAAFFB7E-A74D-43A3-880B-05E8FE5F13ED}.DLL-Import Debug|Mixed Platforms.ActiveCfg = Debug|Win32
		{DAAFFB7E-A74D-43A3-880B-05E8FE5F13ED}.DLL-Import Debug|Mixed Platforms.Build.0 = Debug|Win32
		{DAAFFB7E-A74D-43A3-880B-05E8FE5F13ED}.DLL-Import Debug|Win32.ActiveCfg = Debug|Win32
		{DAAFFB7E-A74D-43A3-880B-05E8FE5F13ED}.DLL-Import Debug|Win32.Build.0 = Debug|Win32
		{DAAFFB7E-A74D-43A3-880B-05E8FE5F13ED}.DLL-Import Debug|x64.ActiveCfg = Debug|x64
		{DAAFFB7E-A74D-43A3-880B-05E8FE5F13ED}.DLL-Import Debug|x64.Build.0 = Debug|x64
		{DAAFFB7E-A74D-43A3-880B-05E8FE5F13ED}.DLL-Import Debug|x86.ActiveCfg = Debug|Win32
		{DAAFFB7E-A74D-43A3-880B-05E8FE5F13ED}.DLL-Import Debug|x86.Build.0 = Debug|Win32
		{DAAFFB7E-A74D-43A3-880B-05E8FE5F13ED}.DLL-Import Release|Any CPU.ActiveCfg = Release|Win32
		{DAAFFB7E-A74D-43A3-880B-05E8FE5F13ED}.DLL-Import Release|Itanium.ActiveCfg = Release|Win32
		{DAAFFB7E-A74D-43A3-880B-05E8FE5F13ED}.DLL-Import Release|Mixed Platforms.ActiveCfg = Release|Win32
		{DAAFFB7E-A74D-43A3-880B-05E8FE5F13ED}.DLL-Import Release|Mixed Platforms.Build.0 = Release|Win32
		{DAAFFB7E-A74D-43A3-880B-05E8FE5F13ED}.DLL-Import Release|Win32.ActiveCfg = Release|Win32
		{DAAFFB7E-A74D-43A3-880B-05E8FE5F13ED}.DLL-Import Release|Win32.Build.0 = Release|Win32
		{DAAFFB7E-A74D-43A3-880B-05E8FE5F13ED}.DLL-Import Release|x64.ActiveCfg = Release|x64
		{DAAFFB7E-A74D-43A3-880B-05E8FE5F13ED}.DLL-Import Release|x64.Build.0 = Release|x64
		{DAAFFB7E-A74D-43A3-880B-05E8FE5F13ED}.DLL-Import Release|x86.ActiveCfg = Release|Win32
		{DAAFFB7E-A74D-43A3-880B-05E8FE5F13ED}.DLL-Import Release|x86.Build.0 = Release|Win32
		{DAAFFB7E-A74D-43A3-880B-05E8FE5F13ED}.Release_MD|Any CPU.ActiveCfg = Release|Win32
		{DAAFFB7E-A74D-43A3-880B-05E8FE5F13ED}.Release_MD|Itanium.ActiveCfg = Release|Win32
		{DAAFFB7E-A74D-43A3-880B-05E8FE5F13ED}.Release_MD|Mixed Platforms.ActiveCfg = Release|Win32
		{DAAFFB7E-A74D-43A3-880B-05E8FE5F13ED}.Release_MD|Mixed Platforms.Build.0 = Release|Win32
		{DAAFFB7E-A74D-43A3-880B-05E8FE5F13ED}.Release_MD|Win32.ActiveCfg = Release|Win32
		{DAAFFB7E-A74D-43A3-880B-05E8FE5F13ED}.Release_MD|Win32.Build.0 = Release|Win32
		{DAAFFB7E-A74D-43A3-880B-05E8FE5F13ED}.Release_MD|x64.ActiveCfg = Release|x64
		{DAAFFB7E-A74D-43A3-880B-05E8FE5F13ED}.Release_MD|x64.Build.0 = Release|x64
		{DAAFFB7E-A74D-43A3-880B-05E8FE5F13ED}.Release_MD|x86.ActiveCfg = Release|Win32
		{DAAFFB7E-A74D-43A3-880B-05E8FE5F13ED}.Release_MD|x86.Build.0 = Release|Win32
		{DAAFFB7E-A74D-43A3-880B-05E8FE5F13ED}.Release|Any CPU.ActiveCfg = Release|Win32
		{DAAFFB7E-A74D-43A3-880B-05E8FE5F13ED}.Release|Itanium.ActiveCfg = Release|Win32
		{DAAFFB7E-A74D-43A3-880B-05E8FE5F13ED}.Release|Mixed Platforms.ActiveCfg = Release|Win32
		{DAAFFB7E-A74D-43A3-880B-05E8FE5F13ED}.Release|Mixed Platforms.Build.0 = Release|Win32
		{DAAFFB7E-A74D-43A3-880B-05E8FE5F13ED}.Release|Win32.ActiveCfg = Release|Win32
		{DAAFFB7E-A74D-43A3-880B-05E8FE5F13ED}.Release|Win32.Build.0 = Release|Win32
		{DAAFFB7E-A74D-43A3-880B-05E8FE5F13ED}.Release|x64.ActiveCfg = Release|x64
		{DAAFFB7E-A74D-43A3-880B-05E8FE5F13ED}.Release|x64.Build.0 = Release|x64
		{DAAFFB7E-A74D-43A3-880B-05E8FE5F13ED}.Release|x86.ActiveCfg = Release|Win32
		{DAAFFB7E-A74D-43A3-880B-05E8FE5F13ED}.Release|x86.Build.0 = Release|Win32
		{DAAFFB7E-A74D-43A3-880B-05E8FE5F13ED}.ReleaseWithoutAsm|Any CPU.ActiveCfg = Release|Win32
		{DAAFFB7E-A74D-43A3-880B-05E8FE5F13ED}.ReleaseWithoutAsm|Itanium.ActiveCfg = Release|Win32
		{DAAFFB7E-A74D-43A3-880B-05E8FE5F13ED}.ReleaseWithoutAsm|Mixed Platforms.ActiveCfg = Release|Win32
		{DAAFFB7E-A74D-43A3-880B-05E8FE5F13ED}.ReleaseWithoutAsm|Mixed Platforms.Build.0 = Release|Win32
		{DAAFFB7E-A74D-43A3-880B-05E8FE5F13ED}.ReleaseWithoutAsm|Win32.ActiveCfg = Release|Win32
		{DAAFFB7E-A74D-43A3-880B-05E8FE5F13ED}.ReleaseWithoutAsm|Win32.Build.0 = Release|Win32
		{DAAFFB7E-A74D-43A3-880B-05E8FE5F13ED}.ReleaseWithoutAsm|x64.ActiveCfg = Release|x64
		{DAAFFB7E-A74D-43A3-880B-05E8FE5F13ED}.ReleaseWithoutAsm|x64.Build.0 = Release|x64
		{DAAFFB7E-A74D-43A3-880B-05E8FE5F13ED}.ReleaseWithoutAsm|x86.ActiveCfg = Release|Win32
		{DAAFFB7E-A74D-43A3-880B-05E8FE5F13ED}.ReleaseWithoutAsm|x86.Build.0 = Release|Win32
		{63D82F56-4B5F-4616-A3D7-2E6A4A752316}.Debug_MDd|Any CPU.ActiveCfg = Debug|Win32
		{63D82F56-4B5F-4616-A3D7-2E6A4A752316}.Debug_MDd|Any CPU.Build.0 = Debug|Win32
		{63D82F56-4B5F-4616-A3D7-2E6A4A752316}.Debug_MDd|Itanium.ActiveCfg = Debug|Win32
		{63D82F56-4B5F-4616-A3D7-2E6A4A752316}.Debug_MDd|Itanium.Build.0 = Debug|Win32
		{63D82F56-4B5F-4616-A3D7-2E6A4A752316}.Debug_MDd|Mixed Platforms.ActiveCfg = Debug|Win32
		{63D82F56-4B5F-4616-A3D7-2E6A4A752316}.Debug_MDd|Mixed Platforms.Build.0 = Debug|Win32
		{63D82F56-4B5F-4616-A3D7-2E6A4A752316}.Debug_MDd|Win32.ActiveCfg = Debug|Win32
		{63D82F56-4B5F-4616-A3D7-2E6A4A752316}.Debug_MDd|Win32.Build.0 = Debug|Win32
		{63D82F56-4B5F-4616-A3D7-2E6A4A752316}.Debug_MDd|x64.ActiveCfg = Debug|Win32
		{63D82F56-4B5F-4616-A3D7-2E6A4A752316}.Debug_MDd|x64.Build.0 = Debug|Win32
		{63D82F56-4B5F-4616-A3D7-2E6A4A752316}.Debug_MDd|x86.ActiveCfg = Debug|Win32
		{63D82F56-4B5F-4616-A3D7-2E6A4A752316}.Debug_MDd|x86.Build.0 = Debug|Win32
		{63D82F56-4B5F-4616-A3D7-2E6A4A752316}.Debug|Any CPU.ActiveCfg = Debug|Win32
		{63D82F56-4B5F-4616-A3D7-2E6A4A752316}.Debug|Itanium.ActiveCfg = Debug|Win32
		{63D82F56-4B5F-4616-A3D7-2E6A4A752316}.Debug|Mixed Platforms.ActiveCfg = Debug|Win32
		{63D82F56-4B5F-4616-A3D7-2E6A4A752316}.Debug|Mixed Platforms.Build.0 = Debug|Win32
		{63D82F56-4B5F-4616-A3D7-2E6A4A752316}.Debug|Win32.ActiveCfg = Debug|Win32
		{63D82F56-4B5F-4616-A3D7-2E6A4A752316}.Debug|Win32.Build.0 = Debug|Win32
		{63D82F56-4B5F-4616-A3D7-2E6A4A752316}.Debug|x64.ActiveCfg = Debug|Win32
		{63D82F56-4B5F-4616-A3D7-2E6A4A752316}.Debug|x86.ActiveCfg = Debug|Win32
		{63D82F56-4B5F-4616-A3D7-2E6A4A752316}.Debug|x86.Build.0 = Debug|Win32
		{63D82F56-4B5F-4616-A3D7-2E6A4A752316}.DLL-Import Debug|Any CPU.ActiveCfg = Debug|Win32
		{63D82F56-4B5F-4616-A3D7-2E6A4A752316}.DLL-Import Debug|Any CPU.Build.0 = Debug|Win32
		{63D82F56-4B5F-4616-A3D7-2E6A4A752316}.DLL-Import Debug|Itanium.ActiveCfg = Debug|Win32
		{63D82F56-4B5F-4616-A3D7-2E6A4A752316}.DLL-Import Debug|Itanium.Build.0 = Debug|Win32
		{63D82F56-4B5F-4616-A3D7-2E6A4A752316}.DLL-Import Debug|Mixed Platforms.ActiveCfg = Debug|Win32
		{63D82F56-4B5F-4616-A3D7-2E6A4A752316}.DLL-Import Debug|Mixed Platforms.Build.0 = Debug|Win32
		{63D82F56-4B5F-4616-A3D7-2E6A4A752316}.DLL-Import Debug|Win32.ActiveCfg = Debug|Win32
		{63D82F56-4B5F-4616-A3D7-2E6A4A752316}.DLL-Import Debug|Win32.Build.0 = Debug|Win32
		{63D82F56-4B5F-4616-A3D7-2E6A4A752316}.DLL-Import Debug|x64.ActiveCfg = Debug|Win32
		{63D82F56-4B5F-4616-A3D7-2E6A4A752316}.DLL-Import Debug|x64.Build.0 = Debug|Win32
		{63D82F56-4B5F-4616-A3D7-2E6A4A752316}.DLL-Import Debug|x86.ActiveCfg = Debug|Win32
		{63D82F56-4B5F-4616-A3D7-2E6A4A752316}.DLL-Import Debug|x86.Build.0 = Debug|Win32
		{63D82F56-4B5F-4616-A3D7-2E6A4A752316}.DLL-Import Release|Any CPU.ActiveCfg = Debug|Win32
		{63D82F56-4B5F-4616-A3D7-2E6A4A752316}.DLL-Import Release|Any CPU.Build.0 = Debug|Win32
		{63D82F56-4B5F-4616-A3D7-2E6A4A752316}.DLL-Import Release|Itanium.ActiveCfg = Debug|Win32
		{63D82F56-4B5F-4616-A3D7-2E6A4A752316}.DLL-Import Release|Itanium.Build.0 = Debug|Win32
		{63D82F56-4B5F-4616-A3D7-2E6A4A752316}.DLL-Import Release|Mixed Platforms.ActiveCfg = Release|Win32
		{63D82F56-4B5F-4616-A3D7-2E6A4A752316}.DLL-Import Release|Mixed Platforms.Build.0 = Release|Win32
		{63D82F56-4B5F-4616-A3D7-2E6A4A752316}.DLL-Import Release|Win32.ActiveCfg = Release|Win32
		{63D82F56-4B5F-4616-A3D7-2E6A4A752316}.DLL-Import Release|Win32.Build.0 = Release|Win32
		{63D82F56-4B5F-4616-A3D7-2E6A4A752316}.DLL-Import Release|x64.ActiveCfg = Debug|Win32
		{63D82F56-4B5F-4616-A3D7-2E6A4A752316}.DLL-Import Release|x64.Build.0 = Debug|Win32
		{63D82F56-4B5F-4616-A3D7-2E6A4A752316}.DLL-Import Release|x86.ActiveCfg = Release|Win32
		{63D82F56-4B5F-4616-A3D7-2E6A4A752316}.DLL-Import Release|x86.Build.0 = Release|Win32
		{63D82F56-4B5F-4616-A3D7-2E6A4A752316}.Release_MD|Any CPU.ActiveCfg = Debug|Win32
		{63D82F56-4B5F-4616-A3D7-2E6A4A752316}.Release_MD|Any CPU.Build.0 = Debug|Win32
		{63D82F56-4B5F-4616-A3D7-2E6A4A752316}.Release_MD|Itanium.ActiveCfg = Debug|Win32
		{63D82F56-4B5F-4616-A3D7-2E6A4A752316}.Release_MD|Itanium.Build.0 = Debug|Win32
		{63D82F56-4B5F-4616-A3D7-2E6A4A752316}.Release_MD|Mixed Platforms.ActiveCfg = Release|Win32
		{63D82F56-4B5F-4616-A3D7-2E6A4A752316}.Release_MD|Mixed Platforms.Build.0 = Release|Win32
		{63D82F56-4B5F-4616-A3D7-2E6A4A752316}.Release_MD|Win32.ActiveCfg = Release|Win32
		{63D82F56-4B5F-4616-A3D7-2E6A4A752316}.Release_MD|Win32.Build.0 = Release|Win32
		{63D82F56-4B5F-4616-A3D7-2E6A4A752316}.Release_MD|x64.ActiveCfg = Debug|Win32
		{63D82F56-4B5F-4616-A3D7-2E6A4A752316}.Release_MD|x64.Build.0 = Debug|Win32
		{63D82F56-4B5F-4616-A3D7-2E6A4A752316}.Release_MD|x86.ActiveCfg = Release|Win32
		{63D82F56-4B5F-4616-A3D7-2E6A4A752316}.Release_MD|x86.Build.0 = Release|Win32
		{63D82F56-4B5F-4616-A3D7-2E6A4A752316}.Release|Any CPU.ActiveCfg = Release|Win32
		{63D82F56-4B5F-4616-A3D7-2E6A4A752316}.Release|Itanium.ActiveCfg = Release|Win32
		{63D82F56-4B5F-4616-A3D7-2E6A4A752316}.Release|Mixed Platforms.ActiveCfg = Release|Win32
		{63D82F56-4B5F-4616-A3D7-2E6A4A752316}.Release|Mixed Platforms.Build.0 = Release|Win32
		{63D82F56-4B5F-4616-A3D7-2E6A4A752316}.Release|Win32.ActiveCfg = Release|Win32
		{63D82F56-4B5F-4616-A3D7-2E6A4A752316}.Release|Win32.Build.0 = Release|Win32
		{63D82F56-4B5F-4616-A3D7-2E6A4A752316}.Release|x64.ActiveCfg = Release|Win32
		{63D82F56-4B5F-4616-A3D7-2E6A4A752316}.Release|x86.ActiveCfg = Release|Win32
		{63D82F56-4B5F-4616-A3D7-2E6A4A752316}.Release|x86.Build.0 = Release|Win32
		{63D82F56-4B5F-4616-A3D7-2E6A4A752316}.ReleaseWithoutAsm|Any CPU.ActiveCfg = Debug|Win32
		{63D82F56-4B5F-4616-A3D7-2E6A4A752316}.ReleaseWithoutAsm|Any CPU.Build.0 = Debug|Win32
		{63D82F56-4B5F-4616-A3D7-2E6A4A752316}.ReleaseWithoutAsm|Itanium.ActiveCfg = Debug|Win32
		{63D82F56-4B5F-4616-A3D7-2E6A4A752316}.ReleaseWithoutAsm|Itanium.Build.0 = Debug|Win32
		{63D82F56-4B5F-4616-A3D7-2E6A4A752316}.ReleaseWithoutAsm|Mixed Platforms.ActiveCfg = Release|Win32
		{63D82F56-4B5F-4616-A3D7-2E6A4A752316}.ReleaseWithoutAsm|Mixed Platforms.Build.0 = Release|Win32
		{63D82F56-4B5F-4616-A3D7-2E6A4A752316}.ReleaseWithoutAsm|Win32.ActiveCfg = Release|Win32
		{63D82F56-4B5F-4616-A3D7-2E6A4A752316}.ReleaseWithoutAsm|Win32.Build.0 = Release|Win32
		{63D82F56-4B5F-4616-A3D7-2E6A4A752316}.ReleaseWithoutAsm|x64.ActiveCfg = Debug|Win32
		{63D82F56-4B5F-4616-A3D7-2E6A4A752316}.ReleaseWithoutAsm|x64.Build.0 = Debug|Win32
		{63D82F56-4B5F-4616-A3D7-2E6A4A752316}.ReleaseWithoutAsm|x86.ActiveCfg = Release|Win32
		{63D82F56-4B5F-4616-A3D7-2E6A4A752316}.ReleaseWithoutAsm|x86.Build.0 = Release|Win32
	EndGlobalSection
	GlobalSection(SolutionProperties) = preSolution
		HideSolutionNode = FALSE
	EndGlobalSection
	GlobalSection(ExtensibilityGlobals) = postSolution
		SolutionGuid = {E427D0A9-B94B-4970-8261-A283513553C5}
	EndGlobalSection
EndGlobal
